
Microsoft Visual Studio Solution File, Format Version 12.00
# Visual Studio Version 17
VisualStudioVersion = 17.4.33213.308
MinimumVisualStudioVersion = 10.0.40219.1
Project("{FAE04EC0-301F-11D3-BF4B-00C04F79EFBC}") = "BTL_QuanLyThuVien", "BTL_QuanLyThuVien\BTL_QuanLyThuVien.csproj", "{4EDE3D2D-14EC-40DB-B763-470670886D47}"
EndProject
Global
	GlobalSection(SolutionConfigurationPlatforms) = preSolution
		Debug|Any CPU = Debug|Any CPU
		Release|Any CPU = Release|Any CPU
	EndGlobalSection
	GlobalSection(ProjectConfigurationPlatforms) = postSolution
		{4EDE3D2D-14EC-40DB-B763-470670886D47}.Debug|Any CPU.ActiveCfg = Debug|Any CPU
		{4EDE3D2D-14EC-40DB-B763-470670886D47}.Debug|Any CPU.Build.0 = Debug|Any CPU
		{4EDE3D2D-14EC-40DB-B763-470670886D47}.Release|Any CPU.ActiveCfg = Release|Any CPU
		{4EDE3D2D-14EC-40DB-B763-470670886D47}.Release|Any CPU.Build.0 = Release|Any CPU
	EndGlobalSection
	GlobalSection(SolutionProperties) = preSolution
		HideSolutionNode = FALSE
	EndGlobalSection
	GlobalSection(ExtensibilityGlobals) = postSolution
		SolutionGuid = {2ED5E650-98A2-47B6-BE66-DEB1FB10D2F5}
	EndGlobalSection
EndGlobal
